PODS:
  - CRJCategories (0.1.2)
  - CRJCommon (0.1.2)
  - CRJEasing (0.1.0)
  - CRJUIComponents (0.1.0):
    - CRJUIComponents/BadgeValueView (= 0.1.0)
    - CRJUIComponents/BaseCell (= 0.1.0)
    - CRJUIComponents/BaseShowPickerView (= 0.1.0)
    - CRJUIComponents/CircleAnimationView (= 0.1.0)
    - CRJUIComponents/DateItemPickerView (= 0.1.0)
    - CRJUIComponents/EdgeInsetsLabel (= 0.1.0)
    - CRJUIComponents/InfiniteRotationView (= 0.1.0)
    - CRJUIComponents/PlaceholderImageView (= 0.1.0)
    - CRJUIComponents/RotateView (= 0.1.0)
  - CRJUIComponents/BadgeValueView (0.1.0):
    - CRJCategories
  - CRJUIComponents/BaseCell (0.1.0):
    - CRJCommon
  - CRJUIComponents/BaseShowPickerView (0.1.0)
  - CRJUIComponents/CircleAnimationView (0.1.0):
    - CRJEasing
  - CRJUIComponents/DateItemPickerView (0.1.0):
    - CRJCategories
    - CRJUIComponents/BaseShowPickerView
  - CRJUIComponents/EdgeInsetsLabel (0.1.0):
    - CRJCategories
  - CRJUIComponents/InfiniteRotationView (0.1.0)
  - CRJUIComponents/PlaceholderImageView (0.1.0):
    - SDWebImage
  - CRJUIComponents/RotateView (0.1.0)
  - SDWebImage (5.9.1):
    - SDWebImage/Core (= 5.9.1)
  - SDWebImage/Core (5.9.1)

DEPENDENCIES:
  - CRJUIComponents (from `../`)

SPEC REPOS:
  trunk:
    - CRJCategories
    - CRJCommon
    - CRJEasing
    - SDWebImage

EXTERNAL SOURCES:
  CRJUIComponents:
    :path: "../"

SPEC CHECKSUMS:
  CRJCategories: df505c3c1144f2b7b643849340f411798d71c911
  CRJCommon: cfd7edb05b68f25738f052864ef1c098769c8792
  CRJEasing: 251e1a33c57659de9afba68619a760858c90fa5c
  CRJUIComponents: f3cc7eccc415f57a5bba29065d20416c26cd82c9
  SDWebImage: a990c053fff71e388a10f3357edb0be17929c9c5

PODFILE CHECKSUM: c03a3dea4306b88c33991e68c46f00a895e1d070

COCOAPODS: 1.9.3
